
Microsoft Visual Studio Solution File, Format Version 12.00
# Visual Studio Version 17
VisualStudioVersion = 17.0.31903.59
MinimumVisualStudioVersion = 10.0.40219.1
Project("{2150E333-8FDC-42A3-9474-1A3956D46DE8}") = "src", "src", "{827E0CD3-B72D-47B6-A68D-7590B98EB39B}"
EndProject
Project("{FAE04EC0-301F-11D3-BF4B-00C04F79EFBC}") = "TransactionService.Domain", "src\TransactionService.Domain\TransactionService.Domain.csproj", "{890C2CB1-0C9A-44C1-9105-5447E9A62076}"
EndProject
Project("{FAE04EC0-301F-11D3-BF4B-00C04F79EFBC}") = "TransactionService.Application", "src\TransactionService.Application\TransactionService.Application.csproj", "{7B6F63E9-CDAB-4FE5-BB61-B5FEF8CF70D3}"
EndProject
Project("{FAE04EC0-301F-11D3-BF4B-00C04F79EFBC}") = "TransactionService.Infrastructure", "src\TransactionService.Infrastructure\TransactionService.Infrastructure.csproj", "{203C89A5-91BF-4D1E-A946-AE7A3F515820}"
EndProject
Project("{FAE04EC0-301F-11D3-BF4B-00C04F79EFBC}") = "TransactionService.API", "src\TransactionService.API\TransactionService.API.csproj", "{2FB32941-0E22-4A86-BB74-259355043C25}"
EndProject
Global
	GlobalSection(SolutionConfigurationPlatforms) = preSolution
		Debug|Any CPU = Debug|Any CPU
		Debug|x64 = Debug|x64
		Debug|x86 = Debug|x86
		Release|Any CPU = Release|Any CPU
		Release|x64 = Release|x64
		Release|x86 = Release|x86
	EndGlobalSection
	GlobalSection(ProjectConfigurationPlatforms) = postSolution
		{890C2CB1-0C9A-44C1-9105-5447E9A62076}.Debug|Any CPU.ActiveCfg = Debug|Any CPU
		{890C2CB1-0C9A-44C1-9105-5447E9A62076}.Debug|Any CPU.Build.0 = Debug|Any CPU
		{890C2CB1-0C9A-44C1-9105-5447E9A62076}.Debug|x64.ActiveCfg = Debug|Any CPU
		{890C2CB1-0C9A-44C1-9105-5447E9A62076}.Debug|x64.Build.0 = Debug|Any CPU
		{890C2CB1-0C9A-44C1-9105-5447E9A62076}.Debug|x86.ActiveCfg = Debug|Any CPU
		{890C2CB1-0C9A-44C1-9105-5447E9A62076}.Debug|x86.Build.0 = Debug|Any CPU
		{890C2CB1-0C9A-44C1-9105-5447E9A62076}.Release|Any CPU.ActiveCfg = Release|Any CPU
		{890C2CB1-0C9A-44C1-9105-5447E9A62076}.Release|Any CPU.Build.0 = Release|Any CPU
		{890C2CB1-0C9A-44C1-9105-5447E9A62076}.Release|x64.ActiveCfg = Release|Any CPU
		{890C2CB1-0C9A-44C1-9105-5447E9A62076}.Release|x64.Build.0 = Release|Any CPU
		{890C2CB1-0C9A-44C1-9105-5447E9A62076}.Release|x86.ActiveCfg = Release|Any CPU
		{890C2CB1-0C9A-44C1-9105-5447E9A62076}.Release|x86.Build.0 = Release|Any CPU
		{7B6F63E9-CDAB-4FE5-BB61-B5FEF8CF70D3}.Debug|Any CPU.ActiveCfg = Debug|Any CPU
		{7B6F63E9-CDAB-4FE5-BB61-B5FEF8CF70D3}.Debug|Any CPU.Build.0 = Debug|Any CPU
		{7B6F63E9-CDAB-4FE5-BB61-B5FEF8CF70D3}.Debug|x64.ActiveCfg = Debug|Any CPU
		{7B6F63E9-CDAB-4FE5-BB61-B5FEF8CF70D3}.Debug|x64.Build.0 = Debug|Any CPU
		{7B6F63E9-CDAB-4FE5-BB61-B5FEF8CF70D3}.Debug|x86.ActiveCfg = Debug|Any CPU
		{7B6F63E9-CDAB-4FE5-BB61-B5FEF8CF70D3}.Debug|x86.Build.0 = Debug|Any CPU
		{7B6F63E9-CDAB-4FE5-BB61-B5FEF8CF70D3}.Release|Any CPU.ActiveCfg = Release|Any CPU
		{7B6F63E9-CDAB-4FE5-BB61-B5FEF8CF70D3}.Release|Any CPU.Build.0 = Release|Any CPU
		{7B6F63E9-CDAB-4FE5-BB61-B5FEF8CF70D3}.Release|x64.ActiveCfg = Release|Any CPU
		{7B6F63E9-CDAB-4FE5-BB61-B5FEF8CF70D3}.Release|x64.Build.0 = Release|Any CPU
		{7B6F63E9-CDAB-4FE5-BB61-B5FEF8CF70D3}.Release|x86.ActiveCfg = Release|Any CPU
		{7B6F63E9-CDAB-4FE5-BB61-B5FEF8CF70D3}.Release|x86.Build.0 = Release|Any CPU
		{203C89A5-91BF-4D1E-A946-AE7A3F515820}.Debug|Any CPU.ActiveCfg = Debug|Any CPU
		{203C89A5-91BF-4D1E-A946-AE7A3F515820}.Debug|Any CPU.Build.0 = Debug|Any CPU
		{203C89A5-91BF-4D1E-A946-AE7A3F515820}.Debug|x64.ActiveCfg = Debug|Any CPU
		{203C89A5-91BF-4D1E-A946-AE7A3F515820}.Debug|x64.Build.0 = Debug|Any CPU
		{203C89A5-91BF-4D1E-A946-AE7A3F515820}.Debug|x86.ActiveCfg = Debug|Any CPU
		{203C89A5-91BF-4D1E-A946-AE7A3F515820}.Debug|x86.Build.0 = Debug|Any CPU
		{203C89A5-91BF-4D1E-A946-AE7A3F515820}.Release|Any CPU.ActiveCfg = Release|Any CPU
		{203C89A5-91BF-4D1E-A946-AE7A3F515820}.Release|Any CPU.Build.0 = Release|Any CPU
		{203C89A5-91BF-4D1E-A946-AE7A3F515820}.Release|x64.ActiveCfg = Release|Any CPU
		{203C89A5-91BF-4D1E-A946-AE7A3F515820}.Release|x64.Build.0 = Release|Any CPU
		{203C89A5-91BF-4D1E-A946-AE7A3F515820}.Release|x86.ActiveCfg = Release|Any CPU
		{203C89A5-91BF-4D1E-A946-AE7A3F515820}.Release|x86.Build.0 = Release|Any CPU
		{2FB32941-0E22-4A86-BB74-259355043C25}.Debug|Any CPU.ActiveCfg = Debug|Any CPU
		{2FB32941-0E22-4A86-BB74-259355043C25}.Debug|Any CPU.Build.0 = Debug|Any CPU
		{2FB32941-0E22-4A86-BB74-259355043C25}.Debug|x64.ActiveCfg = Debug|Any CPU
		{2FB32941-0E22-4A86-BB74-259355043C25}.Debug|x64.Build.0 = Debug|Any CPU
		{2FB32941-0E22-4A86-BB74-259355043C25}.Debug|x86.ActiveCfg = Debug|Any CPU
		{2FB32941-0E22-4A86-BB74-259355043C25}.Debug|x86.Build.0 = Debug|Any CPU
		{2FB32941-0E22-4A86-BB74-259355043C25}.Release|Any CPU.ActiveCfg = Release|Any CPU
		{2FB32941-0E22-4A86-BB74-259355043C25}.Release|Any CPU.Build.0 = Release|Any CPU
		{2FB32941-0E22-4A86-BB74-259355043C25}.Release|x64.ActiveCfg = Release|Any CPU
		{2FB32941-0E22-4A86-BB74-259355043C25}.Release|x64.Build.0 = Release|Any CPU
		{2FB32941-0E22-4A86-BB74-259355043C25}.Release|x86.ActiveCfg = Release|Any CPU
		{2FB32941-0E22-4A86-BB74-259355043C25}.Release|x86.Build.0 = Release|Any CPU
	EndGlobalSection
	GlobalSection(SolutionProperties) = preSolution
		HideSolutionNode = FALSE
	EndGlobalSection
	GlobalSection(NestedProjects) = preSolution
		{890C2CB1-0C9A-44C1-9105-5447E9A62076} = {827E0CD3-B72D-47B6-A68D-7590B98EB39B}
		{7B6F63E9-CDAB-4FE5-BB61-B5FEF8CF70D3} = {827E0CD3-B72D-47B6-A68D-7590B98EB39B}
		{203C89A5-91BF-4D1E-A946-AE7A3F515820} = {827E0CD3-B72D-47B6-A68D-7590B98EB39B}
		{2FB32941-0E22-4A86-BB74-259355043C25} = {827E0CD3-B72D-47B6-A68D-7590B98EB39B}
	EndGlobalSection
EndGlobal
