
Microsoft Visual Studio Solution File, Format Version 12.00
# Visual Studio Version 17
VisualStudioVersion = 17.0.31903.59
MinimumVisualStudioVersion = 10.0.40219.1
Project("{2150E333-8FDC-42A3-9474-1A3956D46DE8}") = "account-service", "account-service", "{429A6145-7FCE-B0A0-67D9-FBB6DBB765A6}"
EndProject
Project("{2150E333-8FDC-42A3-9474-1A3956D46DE8}") = "src", "src", "{6670B2D9-F94B-BBA5-509A-95F95D0EDD83}"
EndProject
Project("{FAE04EC0-301F-11D3-BF4B-00C04F79EFBC}") = "AccountService.API", "account-service\src\AccountService.API\AccountService.API.csproj", "{98EC7D94-5628-4F2A-AEDD-42F0DDEEB9BD}"
EndProject
Project("{FAE04EC0-301F-11D3-BF4B-00C04F79EFBC}") = "AccountService.Application", "account-service\src\AccountService.Application\AccountService.Application.csproj", "{5AE8B75F-6639-450D-8336-F9EB55C32954}"
EndProject
Project("{FAE04EC0-301F-11D3-BF4B-00C04F79EFBC}") = "AccountService.Domain", "account-service\src\AccountService.Domain\AccountService.Domain.csproj", "{D8468C8F-620F-43D7-8288-6947A6A8CC9D}"
EndProject
Project("{FAE04EC0-301F-11D3-BF4B-00C04F79EFBC}") = "AccountService.Infrastructure", "account-service\src\AccountService.Infrastructure\AccountService.Infrastructure.csproj", "{625BA2E5-BD94-4031-A769-6896BA5A7D98}"
EndProject
Project("{2150E333-8FDC-42A3-9474-1A3956D46DE8}") = "api-gateway", "api-gateway", "{D5740E39-79EC-8D71-EBC3-DD458F48E25C}"
EndProject
Project("{2150E333-8FDC-42A3-9474-1A3956D46DE8}") = "src", "src", "{5875B879-98D6-7140-2787-4E9ED4E91F18}"
EndProject
Project("{FAE04EC0-301F-11D3-BF4B-00C04F79EFBC}") = "ApiGateway", "api-gateway\src\ApiGateway\ApiGateway.csproj", "{559CECB8-81BD-4BF9-817D-F02402BE4696}"
EndProject
Project("{2150E333-8FDC-42A3-9474-1A3956D46DE8}") = "identity-service", "identity-service", "{4B73CA74-3B26-F703-3A27-78B98F653C5B}"
EndProject
Project("{2150E333-8FDC-42A3-9474-1A3956D46DE8}") = "src", "src", "{DE6D3456-3FBB-1A7D-3C5C-D3DBCEF4055F}"
EndProject
Project("{FAE04EC0-301F-11D3-BF4B-00C04F79EFBC}") = "IdentityService.API", "identity-service\src\IdentityService.API\IdentityService.API.csproj", "{9CB2416A-B299-4CCF-84F1-BEB84874BE81}"
EndProject
Project("{FAE04EC0-301F-11D3-BF4B-00C04F79EFBC}") = "IdentityService.Application", "identity-service\src\IdentityService.Application\IdentityService.Application.csproj", "{99283293-FA0B-46C2-8296-5C9289513878}"
EndProject
Project("{FAE04EC0-301F-11D3-BF4B-00C04F79EFBC}") = "IdentityService.Domain", "identity-service\src\IdentityService.Domain\IdentityService.Domain.csproj", "{A4934A9C-0D0E-4F43-BCF2-D005689E7570}"
EndProject
Project("{FAE04EC0-301F-11D3-BF4B-00C04F79EFBC}") = "IdentityService.Infrastructure", "identity-service\src\IdentityService.Infrastructure\IdentityService.Infrastructure.csproj", "{63294823-BAD9-4C32-9230-432458176C02}"
EndProject
Project("{2150E333-8FDC-42A3-9474-1A3956D46DE8}") = "loan-service", "loan-service", "{812D2F04-E1F9-7549-F420-831F1751F82A}"
EndProject
Project("{2150E333-8FDC-42A3-9474-1A3956D46DE8}") = "src", "src", "{9EA912F9-3DC0-8B10-4DF6-A25F0BB567E0}"
EndProject
Project("{FAE04EC0-301F-11D3-BF4B-00C04F79EFBC}") = "LoanService.API", "loan-service\src\LoanService.API\LoanService.API.csproj", "{55DEB59D-AC26-45BC-83E0-177F01792FFB}"
EndProject
Project("{FAE04EC0-301F-11D3-BF4B-00C04F79EFBC}") = "LoanService.Application", "loan-service\src\LoanService.Application\LoanService.Application.csproj", "{A4EF93F4-6AA8-457D-B8E4-060ED8AACC8B}"
EndProject
Project("{FAE04EC0-301F-11D3-BF4B-00C04F79EFBC}") = "LoanService.Domain", "loan-service\src\LoanService.Domain\LoanService.Domain.csproj", "{128B8C61-9B34-4B73-AB7A-1B2B18C8F8EA}"
EndProject
Project("{FAE04EC0-301F-11D3-BF4B-00C04F79EFBC}") = "LoanService.Infrastructure", "loan-service\src\LoanService.Infrastructure\LoanService.Infrastructure.csproj", "{C4834604-7722-4DA3-B0C8-09FC171E2319}"
EndProject
Project("{2150E333-8FDC-42A3-9474-1A3956D46DE8}") = "notification-service", "notification-service", "{D4CFF5E1-BA47-08FE-F45C-A59D81FF1F65}"
EndProject
Project("{2150E333-8FDC-42A3-9474-1A3956D46DE8}") = "src", "src", "{50B39C3B-122D-CCF3-5CBD-19FC572A5AFB}"
EndProject
Project("{FAE04EC0-301F-11D3-BF4B-00C04F79EFBC}") = "NotificationService.API", "notification-service\src\NotificationService.API\NotificationService.API.csproj", "{C0866696-4B52-42E1-9667-C2F86F5A4B04}"
EndProject
Project("{FAE04EC0-301F-11D3-BF4B-00C04F79EFBC}") = "NotificationService.Application", "notification-service\src\NotificationService.Application\NotificationService.Application.csproj", "{365C7FCA-5A0D-474D-A360-06B6E5351E40}"
EndProject
Project("{FAE04EC0-301F-11D3-BF4B-00C04F79EFBC}") = "NotificationService.Domain", "notification-service\src\NotificationService.Domain\NotificationService.Domain.csproj", "{3C00D492-011E-4911-A801-B4D291C3BF58}"
EndProject
Project("{FAE04EC0-301F-11D3-BF4B-00C04F79EFBC}") = "NotificationService.Infrastructure", "notification-service\src\NotificationService.Infrastructure\NotificationService.Infrastructure.csproj", "{FC6DC2F8-500E-4727-803C-A0A07A03B4DD}"
EndProject
Project("{2150E333-8FDC-42A3-9474-1A3956D46DE8}") = "payment-service", "payment-service", "{8A753028-D84C-6DAA-E0CD-F2775330973A}"
EndProject
Project("{2150E333-8FDC-42A3-9474-1A3956D46DE8}") = "src", "src", "{8D812BBA-F7B8-78AE-0C2C-4FE45A3ABA4A}"
EndProject
Project("{FAE04EC0-301F-11D3-BF4B-00C04F79EFBC}") = "PaymentService.API", "payment-service\src\PaymentService.API\PaymentService.API.csproj", "{8E102089-44C3-4788-9A64-11793A1BA574}"
EndProject
Project("{FAE04EC0-301F-11D3-BF4B-00C04F79EFBC}") = "PaymentService.Application", "payment-service\src\PaymentService.Application\PaymentService.Application.csproj", "{D9FF62B3-CA7F-48C9-8AA5-089FD09199CF}"
EndProject
Project("{FAE04EC0-301F-11D3-BF4B-00C04F79EFBC}") = "PaymentService.Domain", "payment-service\src\PaymentService.Domain\PaymentService.Domain.csproj", "{29331E70-BF5B-45BB-84FC-5A1F6FA635C8}"
EndProject
Project("{FAE04EC0-301F-11D3-BF4B-00C04F79EFBC}") = "PaymentService.Infrastructure", "payment-service\src\PaymentService.Infrastructure\PaymentService.Infrastructure.csproj", "{32DEA37B-9375-445D-AC6A-5089D5AF601B}"
EndProject
Project("{2150E333-8FDC-42A3-9474-1A3956D46DE8}") = "transaction-service", "transaction-service", "{24D16E1D-6ED3-3315-684F-0648B0A3A23F}"
EndProject
Project("{2150E333-8FDC-42A3-9474-1A3956D46DE8}") = "src", "src", "{8033C296-71AA-972B-E5EB-7DFBE8961BF9}"
EndProject
Project("{FAE04EC0-301F-11D3-BF4B-00C04F79EFBC}") = "TransactionService.API", "transaction-service\src\TransactionService.API\TransactionService.API.csproj", "{0DCD3593-9E5E-4939-923B-1075D23B88E7}"
EndProject
Project("{FAE04EC0-301F-11D3-BF4B-00C04F79EFBC}") = "TransactionService.Application", "transaction-service\src\TransactionService.Application\TransactionService.Application.csproj", "{BD1B70BF-C90C-4698-9AF9-BD4D8F565443}"
EndProject
Project("{FAE04EC0-301F-11D3-BF4B-00C04F79EFBC}") = "TransactionService.Domain", "transaction-service\src\TransactionService.Domain\TransactionService.Domain.csproj", "{79BBEA4F-B631-41C3-AC71-A0FC39E55509}"
EndProject
Project("{FAE04EC0-301F-11D3-BF4B-00C04F79EFBC}") = "TransactionService.Infrastructure", "transaction-service\src\TransactionService.Infrastructure\TransactionService.Infrastructure.csproj", "{2B73A9F6-B285-4CA9-98CC-E412BC4F5F22}"
EndProject
Global
	GlobalSection(SolutionConfigurationPlatforms) = preSolution
		Debug|Any CPU = Debug|Any CPU
		Debug|x64 = Debug|x64
		Debug|x86 = Debug|x86
		Release|Any CPU = Release|Any CPU
		Release|x64 = Release|x64
		Release|x86 = Release|x86
	EndGlobalSection
	GlobalSection(ProjectConfigurationPlatforms) = postSolution
		{98EC7D94-5628-4F2A-AEDD-42F0DDEEB9BD}.Debug|Any CPU.ActiveCfg = Debug|Any CPU
		{98EC7D94-5628-4F2A-AEDD-42F0DDEEB9BD}.Debug|Any CPU.Build.0 = Debug|Any CPU
		{98EC7D94-5628-4F2A-AEDD-42F0DDEEB9BD}.Debug|x64.ActiveCfg = Debug|Any CPU
		{98EC7D94-5628-4F2A-AEDD-42F0DDEEB9BD}.Debug|x64.Build.0 = Debug|Any CPU
		{98EC7D94-5628-4F2A-AEDD-42F0DDEEB9BD}.Debug|x86.ActiveCfg = Debug|Any CPU
		{98EC7D94-5628-4F2A-AEDD-42F0DDEEB9BD}.Debug|x86.Build.0 = Debug|Any CPU
		{98EC7D94-5628-4F2A-AEDD-42F0DDEEB9BD}.Release|Any CPU.ActiveCfg = Release|Any CPU
		{98EC7D94-5628-4F2A-AEDD-42F0DDEEB9BD}.Release|Any CPU.Build.0 = Release|Any CPU
		{98EC7D94-5628-4F2A-AEDD-42F0DDEEB9BD}.Release|x64.ActiveCfg = Release|Any CPU
		{98EC7D94-5628-4F2A-AEDD-42F0DDEEB9BD}.Release|x64.Build.0 = Release|Any CPU
		{98EC7D94-5628-4F2A-AEDD-42F0DDEEB9BD}.Release|x86.ActiveCfg = Release|Any CPU
		{98EC7D94-5628-4F2A-AEDD-42F0DDEEB9BD}.Release|x86.Build.0 = Release|Any CPU
		{5AE8B75F-6639-450D-8336-F9EB55C32954}.Debug|Any CPU.ActiveCfg = Debug|Any CPU
		{5AE8B75F-6639-450D-8336-F9EB55C32954}.Debug|Any CPU.Build.0 = Debug|Any CPU
		{5AE8B75F-6639-450D-8336-F9EB55C32954}.Debug|x64.ActiveCfg = Debug|Any CPU
		{5AE8B75F-6639-450D-8336-F9EB55C32954}.Debug|x64.Build.0 = Debug|Any CPU
		{5AE8B75F-6639-450D-8336-F9EB55C32954}.Debug|x86.ActiveCfg = Debug|Any CPU
		{5AE8B75F-6639-450D-8336-F9EB55C32954}.Debug|x86.Build.0 = Debug|Any CPU
		{5AE8B75F-6639-450D-8336-F9EB55C32954}.Release|Any CPU.ActiveCfg = Release|Any CPU
		{5AE8B75F-6639-450D-8336-F9EB55C32954}.Release|Any CPU.Build.0 = Release|Any CPU
		{5AE8B75F-6639-450D-8336-F9EB55C32954}.Release|x64.ActiveCfg = Release|Any CPU
		{5AE8B75F-6639-450D-8336-F9EB55C32954}.Release|x64.Build.0 = Release|Any CPU
		{5AE8B75F-6639-450D-8336-F9EB55C32954}.Release|x86.ActiveCfg = Release|Any CPU
		{5AE8B75F-6639-450D-8336-F9EB55C32954}.Release|x86.Build.0 = Release|Any CPU
		{D8468C8F-620F-43D7-8288-6947A6A8CC9D}.Debug|Any CPU.ActiveCfg = Debug|Any CPU
		{D8468C8F-620F-43D7-8288-6947A6A8CC9D}.Debug|Any CPU.Build.0 = Debug|Any CPU
		{D8468C8F-620F-43D7-8288-6947A6A8CC9D}.Debug|x64.ActiveCfg = Debug|Any CPU
		{D8468C8F-620F-43D7-8288-6947A6A8CC9D}.Debug|x64.Build.0 = Debug|Any CPU
		{D8468C8F-620F-43D7-8288-6947A6A8CC9D}.Debug|x86.ActiveCfg = Debug|Any CPU
		{D8468C8F-620F-43D7-8288-6947A6A8CC9D}.Debug|x86.Build.0 = Debug|Any CPU
		{D8468C8F-620F-43D7-8288-6947A6A8CC9D}.Release|Any CPU.ActiveCfg = Release|Any CPU
		{D8468C8F-620F-43D7-8288-6947A6A8CC9D}.Release|Any CPU.Build.0 = Release|Any CPU
		{D8468C8F-620F-43D7-8288-6947A6A8CC9D}.Release|x64.ActiveCfg = Release|Any CPU
		{D8468C8F-620F-43D7-8288-6947A6A8CC9D}.Release|x64.Build.0 = Release|Any CPU
		{D8468C8F-620F-43D7-8288-6947A6A8CC9D}.Release|x86.ActiveCfg = Release|Any CPU
		{D8468C8F-620F-43D7-8288-6947A6A8CC9D}.Release|x86.Build.0 = Release|Any CPU
		{625BA2E5-BD94-4031-A769-6896BA5A7D98}.Debug|Any CPU.ActiveCfg = Debug|Any CPU
		{625BA2E5-BD94-4031-A769-6896BA5A7D98}.Debug|Any CPU.Build.0 = Debug|Any CPU
		{625BA2E5-BD94-4031-A769-6896BA5A7D98}.Debug|x64.ActiveCfg = Debug|Any CPU
		{625BA2E5-BD94-4031-A769-6896BA5A7D98}.Debug|x64.Build.0 = Debug|Any CPU
		{625BA2E5-BD94-4031-A769-6896BA5A7D98}.Debug|x86.ActiveCfg = Debug|Any CPU
		{625BA2E5-BD94-4031-A769-6896BA5A7D98}.Debug|x86.Build.0 = Debug|Any CPU
		{625BA2E5-BD94-4031-A769-6896BA5A7D98}.Release|Any CPU.ActiveCfg = Release|Any CPU
		{625BA2E5-BD94-4031-A769-6896BA5A7D98}.Release|Any CPU.Build.0 = Release|Any CPU
		{625BA2E5-BD94-4031-A769-6896BA5A7D98}.Release|x64.ActiveCfg = Release|Any CPU
		{625BA2E5-BD94-4031-A769-6896BA5A7D98}.Release|x64.Build.0 = Release|Any CPU
		{625BA2E5-BD94-4031-A769-6896BA5A7D98}.Release|x86.ActiveCfg = Release|Any CPU
		{625BA2E5-BD94-4031-A769-6896BA5A7D98}.Release|x86.Build.0 = Release|Any CPU
		{559CECB8-81BD-4BF9-817D-F02402BE4696}.Debug|Any CPU.ActiveCfg = Debug|Any CPU
		{559CECB8-81BD-4BF9-817D-F02402BE4696}.Debug|Any CPU.Build.0 = Debug|Any CPU
		{559CECB8-81BD-4BF9-817D-F02402BE4696}.Debug|x64.ActiveCfg = Debug|Any CPU
		{559CECB8-81BD-4BF9-817D-F02402BE4696}.Debug|x64.Build.0 = Debug|Any CPU
		{559CECB8-81BD-4BF9-817D-F02402BE4696}.Debug|x86.ActiveCfg = Debug|Any CPU
		{559CECB8-81BD-4BF9-817D-F02402BE4696}.Debug|x86.Build.0 = Debug|Any CPU
		{559CECB8-81BD-4BF9-817D-F02402BE4696}.Release|Any CPU.ActiveCfg = Release|Any CPU
		{559CECB8-81BD-4BF9-817D-F02402BE4696}.Release|Any CPU.Build.0 = Release|Any CPU
		{559CECB8-81BD-4BF9-817D-F02402BE4696}.Release|x64.ActiveCfg = Release|Any CPU
		{559CECB8-81BD-4BF9-817D-F02402BE4696}.Release|x64.Build.0 = Release|Any CPU
		{559CECB8-81BD-4BF9-817D-F02402BE4696}.Release|x86.ActiveCfg = Release|Any CPU
		{559CECB8-81BD-4BF9-817D-F02402BE4696}.Release|x86.Build.0 = Release|Any CPU
		{9CB2416A-B299-4CCF-84F1-BEB84874BE81}.Debug|Any CPU.ActiveCfg = Debug|Any CPU
		{9CB2416A-B299-4CCF-84F1-BEB84874BE81}.Debug|Any CPU.Build.0 = Debug|Any CPU
		{9CB2416A-B299-4CCF-84F1-BEB84874BE81}.Debug|x64.ActiveCfg = Debug|Any CPU
		{9CB2416A-B299-4CCF-84F1-BEB84874BE81}.Debug|x64.Build.0 = Debug|Any CPU
		{9CB2416A-B299-4CCF-84F1-BEB84874BE81}.Debug|x86.ActiveCfg = Debug|Any CPU
		{9CB2416A-B299-4CCF-84F1-BEB84874BE81}.Debug|x86.Build.0 = Debug|Any CPU
		{9CB2416A-B299-4CCF-84F1-BEB84874BE81}.Release|Any CPU.ActiveCfg = Release|Any CPU
		{9CB2416A-B299-4CCF-84F1-BEB84874BE81}.Release|Any CPU.Build.0 = Release|Any CPU
		{9CB2416A-B299-4CCF-84F1-BEB84874BE81}.Release|x64.ActiveCfg = Release|Any CPU
		{9CB2416A-B299-4CCF-84F1-BEB84874BE81}.Release|x64.Build.0 = Release|Any CPU
		{9CB2416A-B299-4CCF-84F1-BEB84874BE81}.Release|x86.ActiveCfg = Release|Any CPU
		{9CB2416A-B299-4CCF-84F1-BEB84874BE81}.Release|x86.Build.0 = Release|Any CPU
		{99283293-FA0B-46C2-8296-5C9289513878}.Debug|Any CPU.ActiveCfg = Debug|Any CPU
		{99283293-FA0B-46C2-8296-5C9289513878}.Debug|Any CPU.Build.0 = Debug|Any CPU
		{99283293-FA0B-46C2-8296-5C9289513878}.Debug|x64.ActiveCfg = Debug|Any CPU
		{99283293-FA0B-46C2-8296-5C9289513878}.Debug|x64.Build.0 = Debug|Any CPU
		{99283293-FA0B-46C2-8296-5C9289513878}.Debug|x86.ActiveCfg = Debug|Any CPU
		{99283293-FA0B-46C2-8296-5C9289513878}.Debug|x86.Build.0 = Debug|Any CPU
		{99283293-FA0B-46C2-8296-5C9289513878}.Release|Any CPU.ActiveCfg = Release|Any CPU
		{99283293-FA0B-46C2-8296-5C9289513878}.Release|Any CPU.Build.0 = Release|Any CPU
		{99283293-FA0B-46C2-8296-5C9289513878}.Release|x64.ActiveCfg = Release|Any CPU
		{99283293-FA0B-46C2-8296-5C9289513878}.Release|x64.Build.0 = Release|Any CPU
		{99283293-FA0B-46C2-8296-5C9289513878}.Release|x86.ActiveCfg = Release|Any CPU
		{99283293-FA0B-46C2-8296-5C9289513878}.Release|x86.Build.0 = Release|Any CPU
		{A4934A9C-0D0E-4F43-BCF2-D005689E7570}.Debug|Any CPU.ActiveCfg = Debug|Any CPU
		{A4934A9C-0D0E-4F43-BCF2-D005689E7570}.Debug|Any CPU.Build.0 = Debug|Any CPU
		{A4934A9C-0D0E-4F43-BCF2-D005689E7570}.Debug|x64.ActiveCfg = Debug|Any CPU
		{A4934A9C-0D0E-4F43-BCF2-D005689E7570}.Debug|x64.Build.0 = Debug|Any CPU
		{A4934A9C-0D0E-4F43-BCF2-D005689E7570}.Debug|x86.ActiveCfg = Debug|Any CPU
		{A4934A9C-0D0E-4F43-BCF2-D005689E7570}.Debug|x86.Build.0 = Debug|Any CPU
		{A4934A9C-0D0E-4F43-BCF2-D005689E7570}.Release|Any CPU.ActiveCfg = Release|Any CPU
		{A4934A9C-0D0E-4F43-BCF2-D005689E7570}.Release|Any CPU.Build.0 = Release|Any CPU
		{A4934A9C-0D0E-4F43-BCF2-D005689E7570}.Release|x64.ActiveCfg = Release|Any CPU
		{A4934A9C-0D0E-4F43-BCF2-D005689E7570}.Release|x64.Build.0 = Release|Any CPU
		{A4934A9C-0D0E-4F43-BCF2-D005689E7570}.Release|x86.ActiveCfg = Release|Any CPU
		{A4934A9C-0D0E-4F43-BCF2-D005689E7570}.Release|x86.Build.0 = Release|Any CPU
		{63294823-BAD9-4C32-9230-432458176C02}.Debug|Any CPU.ActiveCfg = Debug|Any CPU
		{63294823-BAD9-4C32-9230-432458176C02}.Debug|Any CPU.Build.0 = Debug|Any CPU
		{63294823-BAD9-4C32-9230-432458176C02}.Debug|x64.ActiveCfg = Debug|Any CPU
		{63294823-BAD9-4C32-9230-432458176C02}.Debug|x64.Build.0 = Debug|Any CPU
		{63294823-BAD9-4C32-9230-432458176C02}.Debug|x86.ActiveCfg = Debug|Any CPU
		{63294823-BAD9-4C32-9230-432458176C02}.Debug|x86.Build.0 = Debug|Any CPU
		{63294823-BAD9-4C32-9230-432458176C02}.Release|Any CPU.ActiveCfg = Release|Any CPU
		{63294823-BAD9-4C32-9230-432458176C02}.Release|Any CPU.Build.0 = Release|Any CPU
		{63294823-BAD9-4C32-9230-432458176C02}.Release|x64.ActiveCfg = Release|Any CPU
		{63294823-BAD9-4C32-9230-432458176C02}.Release|x64.Build.0 = Release|Any CPU
		{63294823-BAD9-4C32-9230-432458176C02}.Release|x86.ActiveCfg = Release|Any CPU
		{63294823-BAD9-4C32-9230-432458176C02}.Release|x86.Build.0 = Release|Any CPU
		{55DEB59D-AC26-45BC-83E0-177F01792FFB}.Debug|Any CPU.ActiveCfg = Debug|Any CPU
		{55DEB59D-AC26-45BC-83E0-177F01792FFB}.Debug|Any CPU.Build.0 = Debug|Any CPU
		{55DEB59D-AC26-45BC-83E0-177F01792FFB}.Debug|x64.ActiveCfg = Debug|Any CPU
		{55DEB59D-AC26-45BC-83E0-177F01792FFB}.Debug|x64.Build.0 = Debug|Any CPU
		{55DEB59D-AC26-45BC-83E0-177F01792FFB}.Debug|x86.ActiveCfg = Debug|Any CPU
		{55DEB59D-AC26-45BC-83E0-177F01792FFB}.Debug|x86.Build.0 = Debug|Any CPU
		{55DEB59D-AC26-45BC-83E0-177F01792FFB}.Release|Any CPU.ActiveCfg = Release|Any CPU
		{55DEB59D-AC26-45BC-83E0-177F01792FFB}.Release|Any CPU.Build.0 = Release|Any CPU
		{55DEB59D-AC26-45BC-83E0-177F01792FFB}.Release|x64.ActiveCfg = Release|Any CPU
		{55DEB59D-AC26-45BC-83E0-177F01792FFB}.Release|x64.Build.0 = Release|Any CPU
		{55DEB59D-AC26-45BC-83E0-177F01792FFB}.Release|x86.ActiveCfg = Release|Any CPU
		{55DEB59D-AC26-45BC-83E0-177F01792FFB}.Release|x86.Build.0 = Release|Any CPU
		{A4EF93F4-6AA8-457D-B8E4-060ED8AACC8B}.Debug|Any CPU.ActiveCfg = Debug|Any CPU
		{A4EF93F4-6AA8-457D-B8E4-060ED8AACC8B}.Debug|Any CPU.Build.0 = Debug|Any CPU
		{A4EF93F4-6AA8-457D-B8E4-060ED8AACC8B}.Debug|x64.ActiveCfg = Debug|Any CPU
		{A4EF93F4-6AA8-457D-B8E4-060ED8AACC8B}.Debug|x64.Build.0 = Debug|Any CPU
		{A4EF93F4-6AA8-457D-B8E4-060ED8AACC8B}.Debug|x86.ActiveCfg = Debug|Any CPU
		{A4EF93F4-6AA8-457D-B8E4-060ED8AACC8B}.Debug|x86.Build.0 = Debug|Any CPU
		{A4EF93F4-6AA8-457D-B8E4-060ED8AACC8B}.Release|Any CPU.ActiveCfg = Release|Any CPU
		{A4EF93F4-6AA8-457D-B8E4-060ED8AACC8B}.Release|Any CPU.Build.0 = Release|Any CPU
		{A4EF93F4-6AA8-457D-B8E4-060ED8AACC8B}.Release|x64.ActiveCfg = Release|Any CPU
		{A4EF93F4-6AA8-457D-B8E4-060ED8AACC8B}.Release|x64.Build.0 = Release|Any CPU
		{A4EF93F4-6AA8-457D-B8E4-060ED8AACC8B}.Release|x86.ActiveCfg = Release|Any CPU
		{A4EF93F4-6AA8-457D-B8E4-060ED8AACC8B}.Release|x86.Build.0 = Release|Any CPU
		{128B8C61-9B34-4B73-AB7A-1B2B18C8F8EA}.Debug|Any CPU.ActiveCfg = Debug|Any CPU
		{128B8C61-9B34-4B73-AB7A-1B2B18C8F8EA}.Debug|Any CPU.Build.0 = Debug|Any CPU
		{128B8C61-9B34-4B73-AB7A-1B2B18C8F8EA}.Debug|x64.ActiveCfg = Debug|Any CPU
		{128B8C61-9B34-4B73-AB7A-1B2B18C8F8EA}.Debug|x64.Build.0 = Debug|Any CPU
		{128B8C61-9B34-4B73-AB7A-1B2B18C8F8EA}.Debug|x86.ActiveCfg = Debug|Any CPU
		{128B8C61-9B34-4B73-AB7A-1B2B18C8F8EA}.Debug|x86.Build.0 = Debug|Any CPU
		{128B8C61-9B34-4B73-AB7A-1B2B18C8F8EA}.Release|Any CPU.ActiveCfg = Release|Any CPU
		{128B8C61-9B34-4B73-AB7A-1B2B18C8F8EA}.Release|Any CPU.Build.0 = Release|Any CPU
		{128B8C61-9B34-4B73-AB7A-1B2B18C8F8EA}.Release|x64.ActiveCfg = Release|Any CPU
		{128B8C61-9B34-4B73-AB7A-1B2B18C8F8EA}.Release|x64.Build.0 = Release|Any CPU
		{128B8C61-9B34-4B73-AB7A-1B2B18C8F8EA}.Release|x86.ActiveCfg = Release|Any CPU
		{128B8C61-9B34-4B73-AB7A-1B2B18C8F8EA}.Release|x86.Build.0 = Release|Any CPU
		{C4834604-7722-4DA3-B0C8-09FC171E2319}.Debug|Any CPU.ActiveCfg = Debug|Any CPU
		{C4834604-7722-4DA3-B0C8-09FC171E2319}.Debug|Any CPU.Build.0 = Debug|Any CPU
		{C4834604-7722-4DA3-B0C8-09FC171E2319}.Debug|x64.ActiveCfg = Debug|Any CPU
		{C4834604-7722-4DA3-B0C8-09FC171E2319}.Debug|x64.Build.0 = Debug|Any CPU
		{C4834604-7722-4DA3-B0C8-09FC171E2319}.Debug|x86.ActiveCfg = Debug|Any CPU
		{C4834604-7722-4DA3-B0C8-09FC171E2319}.Debug|x86.Build.0 = Debug|Any CPU
		{C4834604-7722-4DA3-B0C8-09FC171E2319}.Release|Any CPU.ActiveCfg = Release|Any CPU
		{C4834604-7722-4DA3-B0C8-09FC171E2319}.Release|Any CPU.Build.0 = Release|Any CPU
		{C4834604-7722-4DA3-B0C8-09FC171E2319}.Release|x64.ActiveCfg = Release|Any CPU
		{C4834604-7722-4DA3-B0C8-09FC171E2319}.Release|x64.Build.0 = Release|Any CPU
		{C4834604-7722-4DA3-B0C8-09FC171E2319}.Release|x86.ActiveCfg = Release|Any CPU
		{C4834604-7722-4DA3-B0C8-09FC171E2319}.Release|x86.Build.0 = Release|Any CPU
		{C0866696-4B52-42E1-9667-C2F86F5A4B04}.Debug|Any CPU.ActiveCfg = Debug|Any CPU
		{C0866696-4B52-42E1-9667-C2F86F5A4B04}.Debug|Any CPU.Build.0 = Debug|Any CPU
		{C0866696-4B52-42E1-9667-C2F86F5A4B04}.Debug|x64.ActiveCfg = Debug|Any CPU
		{C0866696-4B52-42E1-9667-C2F86F5A4B04}.Debug|x64.Build.0 = Debug|Any CPU
		{C0866696-4B52-42E1-9667-C2F86F5A4B04}.Debug|x86.ActiveCfg = Debug|Any CPU
		{C0866696-4B52-42E1-9667-C2F86F5A4B04}.Debug|x86.Build.0 = Debug|Any CPU
		{C0866696-4B52-42E1-9667-C2F86F5A4B04}.Release|Any CPU.ActiveCfg = Release|Any CPU
		{C0866696-4B52-42E1-9667-C2F86F5A4B04}.Release|Any CPU.Build.0 = Release|Any CPU
		{C0866696-4B52-42E1-9667-C2F86F5A4B04}.Release|x64.ActiveCfg = Release|Any CPU
		{C0866696-4B52-42E1-9667-C2F86F5A4B04}.Release|x64.Build.0 = Release|Any CPU
		{C0866696-4B52-42E1-9667-C2F86F5A4B04}.Release|x86.ActiveCfg = Release|Any CPU
		{C0866696-4B52-42E1-9667-C2F86F5A4B04}.Release|x86.Build.0 = Release|Any CPU
		{365C7FCA-5A0D-474D-A360-06B6E5351E40}.Debug|Any CPU.ActiveCfg = Debug|Any CPU
		{365C7FCA-5A0D-474D-A360-06B6E5351E40}.Debug|Any CPU.Build.0 = Debug|Any CPU
		{365C7FCA-5A0D-474D-A360-06B6E5351E40}.Debug|x64.ActiveCfg = Debug|Any CPU
		{365C7FCA-5A0D-474D-A360-06B6E5351E40}.Debug|x64.Build.0 = Debug|Any CPU
		{365C7FCA-5A0D-474D-A360-06B6E5351E40}.Debug|x86.ActiveCfg = Debug|Any CPU
		{365C7FCA-5A0D-474D-A360-06B6E5351E40}.Debug|x86.Build.0 = Debug|Any CPU
		{365C7FCA-5A0D-474D-A360-06B6E5351E40}.Release|Any CPU.ActiveCfg = Release|Any CPU
		{365C7FCA-5A0D-474D-A360-06B6E5351E40}.Release|Any CPU.Build.0 = Release|Any CPU
		{365C7FCA-5A0D-474D-A360-06B6E5351E40}.Release|x64.ActiveCfg = Release|Any CPU
		{365C7FCA-5A0D-474D-A360-06B6E5351E40}.Release|x64.Build.0 = Release|Any CPU
		{365C7FCA-5A0D-474D-A360-06B6E5351E40}.Release|x86.ActiveCfg = Release|Any CPU
		{365C7FCA-5A0D-474D-A360-06B6E5351E40}.Release|x86.Build.0 = Release|Any CPU
		{3C00D492-011E-4911-A801-B4D291C3BF58}.Debug|Any CPU.ActiveCfg = Debug|Any CPU
		{3C00D492-011E-4911-A801-B4D291C3BF58}.Debug|Any CPU.Build.0 = Debug|Any CPU
		{3C00D492-011E-4911-A801-B4D291C3BF58}.Debug|x64.ActiveCfg = Debug|Any CPU
		{3C00D492-011E-4911-A801-B4D291C3BF58}.Debug|x64.Build.0 = Debug|Any CPU
		{3C00D492-011E-4911-A801-B4D291C3BF58}.Debug|x86.ActiveCfg = Debug|Any CPU
		{3C00D492-011E-4911-A801-B4D291C3BF58}.Debug|x86.Build.0 = Debug|Any CPU
		{3C00D492-011E-4911-A801-B4D291C3BF58}.Release|Any CPU.ActiveCfg = Release|Any CPU
		{3C00D492-011E-4911-A801-B4D291C3BF58}.Release|Any CPU.Build.0 = Release|Any CPU
		{3C00D492-011E-4911-A801-B4D291C3BF58}.Release|x64.ActiveCfg = Release|Any CPU
		{3C00D492-011E-4911-A801-B4D291C3BF58}.Release|x64.Build.0 = Release|Any CPU
		{3C00D492-011E-4911-A801-B4D291C3BF58}.Release|x86.ActiveCfg = Release|Any CPU
		{3C00D492-011E-4911-A801-B4D291C3BF58}.Release|x86.Build.0 = Release|Any CPU
		{FC6DC2F8-500E-4727-803C-A0A07A03B4DD}.Debug|Any CPU.ActiveCfg = Debug|Any CPU
		{FC6DC2F8-500E-4727-803C-A0A07A03B4DD}.Debug|Any CPU.Build.0 = Debug|Any CPU
		{FC6DC2F8-500E-4727-803C-A0A07A03B4DD}.Debug|x64.ActiveCfg = Debug|Any CPU
		{FC6DC2F8-500E-4727-803C-A0A07A03B4DD}.Debug|x64.Build.0 = Debug|Any CPU
		{FC6DC2F8-500E-4727-803C-A0A07A03B4DD}.Debug|x86.ActiveCfg = Debug|Any CPU
		{FC6DC2F8-500E-4727-803C-A0A07A03B4DD}.Debug|x86.Build.0 = Debug|Any CPU
		{FC6DC2F8-500E-4727-803C-A0A07A03B4DD}.Release|Any CPU.ActiveCfg = Release|Any CPU
		{FC6DC2F8-500E-4727-803C-A0A07A03B4DD}.Release|Any CPU.Build.0 = Release|Any CPU
		{FC6DC2F8-500E-4727-803C-A0A07A03B4DD}.Release|x64.ActiveCfg = Release|Any CPU
		{FC6DC2F8-500E-4727-803C-A0A07A03B4DD}.Release|x64.Build.0 = Release|Any CPU
		{FC6DC2F8-500E-4727-803C-A0A07A03B4DD}.Release|x86.ActiveCfg = Release|Any CPU
		{FC6DC2F8-500E-4727-803C-A0A07A03B4DD}.Release|x86.Build.0 = Release|Any CPU
		{8E102089-44C3-4788-9A64-11793A1BA574}.Debug|Any CPU.ActiveCfg = Debug|Any CPU
		{8E102089-44C3-4788-9A64-11793A1BA574}.Debug|Any CPU.Build.0 = Debug|Any CPU
		{8E102089-44C3-4788-9A64-11793A1BA574}.Debug|x64.ActiveCfg = Debug|Any CPU
		{8E102089-44C3-4788-9A64-11793A1BA574}.Debug|x64.Build.0 = Debug|Any CPU
		{8E102089-44C3-4788-9A64-11793A1BA574}.Debug|x86.ActiveCfg = Debug|Any CPU
		{8E102089-44C3-4788-9A64-11793A1BA574}.Debug|x86.Build.0 = Debug|Any CPU
		{8E102089-44C3-4788-9A64-11793A1BA574}.Release|Any CPU.ActiveCfg = Release|Any CPU
		{8E102089-44C3-4788-9A64-11793A1BA574}.Release|Any CPU.Build.0 = Release|Any CPU
		{8E102089-44C3-4788-9A64-11793A1BA574}.Release|x64.ActiveCfg = Release|Any CPU
		{8E102089-44C3-4788-9A64-11793A1BA574}.Release|x64.Build.0 = Release|Any CPU
		{8E102089-44C3-4788-9A64-11793A1BA574}.Release|x86.ActiveCfg = Release|Any CPU
		{8E102089-44C3-4788-9A64-11793A1BA574}.Release|x86.Build.0 = Release|Any CPU
		{D9FF62B3-CA7F-48C9-8AA5-089FD09199CF}.Debug|Any CPU.ActiveCfg = Debug|Any CPU
		{D9FF62B3-CA7F-48C9-8AA5-089FD09199CF}.Debug|Any CPU.Build.0 = Debug|Any CPU
		{D9FF62B3-CA7F-48C9-8AA5-089FD09199CF}.Debug|x64.ActiveCfg = Debug|Any CPU
		{D9FF62B3-CA7F-48C9-8AA5-089FD09199CF}.Debug|x64.Build.0 = Debug|Any CPU
		{D9FF62B3-CA7F-48C9-8AA5-089FD09199CF}.Debug|x86.ActiveCfg = Debug|Any CPU
		{D9FF62B3-CA7F-48C9-8AA5-089FD09199CF}.Debug|x86.Build.0 = Debug|Any CPU
		{D9FF62B3-CA7F-48C9-8AA5-089FD09199CF}.Release|Any CPU.ActiveCfg = Release|Any CPU
		{D9FF62B3-CA7F-48C9-8AA5-089FD09199CF}.Release|Any CPU.Build.0 = Release|Any CPU
		{D9FF62B3-CA7F-48C9-8AA5-089FD09199CF}.Release|x64.ActiveCfg = Release|Any CPU
		{D9FF62B3-CA7F-48C9-8AA5-089FD09199CF}.Release|x64.Build.0 = Release|Any CPU
		{D9FF62B3-CA7F-48C9-8AA5-089FD09199CF}.Release|x86.ActiveCfg = Release|Any CPU
		{D9FF62B3-CA7F-48C9-8AA5-089FD09199CF}.Release|x86.Build.0 = Release|Any CPU
		{29331E70-BF5B-45BB-84FC-5A1F6FA635C8}.Debug|Any CPU.ActiveCfg = Debug|Any CPU
		{29331E70-BF5B-45BB-84FC-5A1F6FA635C8}.Debug|Any CPU.Build.0 = Debug|Any CPU
		{29331E70-BF5B-45BB-84FC-5A1F6FA635C8}.Debug|x64.ActiveCfg = Debug|Any CPU
		{29331E70-BF5B-45BB-84FC-5A1F6FA635C8}.Debug|x64.Build.0 = Debug|Any CPU
		{29331E70-BF5B-45BB-84FC-5A1F6FA635C8}.Debug|x86.ActiveCfg = Debug|Any CPU
		{29331E70-BF5B-45BB-84FC-5A1F6FA635C8}.Debug|x86.Build.0 = Debug|Any CPU
		{29331E70-BF5B-45BB-84FC-5A1F6FA635C8}.Release|Any CPU.ActiveCfg = Release|Any CPU
		{29331E70-BF5B-45BB-84FC-5A1F6FA635C8}.Release|Any CPU.Build.0 = Release|Any CPU
		{29331E70-BF5B-45BB-84FC-5A1F6FA635C8}.Release|x64.ActiveCfg = Release|Any CPU
		{29331E70-BF5B-45BB-84FC-5A1F6FA635C8}.Release|x64.Build.0 = Release|Any CPU
		{29331E70-BF5B-45BB-84FC-5A1F6FA635C8}.Release|x86.ActiveCfg = Release|Any CPU
		{29331E70-BF5B-45BB-84FC-5A1F6FA635C8}.Release|x86.Build.0 = Release|Any CPU
		{32DEA37B-9375-445D-AC6A-5089D5AF601B}.Debug|Any CPU.ActiveCfg = Debug|Any CPU
		{32DEA37B-9375-445D-AC6A-5089D5AF601B}.Debug|Any CPU.Build.0 = Debug|Any CPU
		{32DEA37B-9375-445D-AC6A-5089D5AF601B}.Debug|x64.ActiveCfg = Debug|Any CPU
		{32DEA37B-9375-445D-AC6A-5089D5AF601B}.Debug|x64.Build.0 = Debug|Any CPU
		{32DEA37B-9375-445D-AC6A-5089D5AF601B}.Debug|x86.ActiveCfg = Debug|Any CPU
		{32DEA37B-9375-445D-AC6A-5089D5AF601B}.Debug|x86.Build.0 = Debug|Any CPU
		{32DEA37B-9375-445D-AC6A-5089D5AF601B}.Release|Any CPU.ActiveCfg = Release|Any CPU
		{32DEA37B-9375-445D-AC6A-5089D5AF601B}.Release|Any CPU.Build.0 = Release|Any CPU
		{32DEA37B-9375-445D-AC6A-5089D5AF601B}.Release|x64.ActiveCfg = Release|Any CPU
		{32DEA37B-9375-445D-AC6A-5089D5AF601B}.Release|x64.Build.0 = Release|Any CPU
		{32DEA37B-9375-445D-AC6A-5089D5AF601B}.Release|x86.ActiveCfg = Release|Any CPU
		{32DEA37B-9375-445D-AC6A-5089D5AF601B}.Release|x86.Build.0 = Release|Any CPU
		{0DCD3593-9E5E-4939-923B-1075D23B88E7}.Debug|Any CPU.ActiveCfg = Debug|Any CPU
		{0DCD3593-9E5E-4939-923B-1075D23B88E7}.Debug|Any CPU.Build.0 = Debug|Any CPU
		{0DCD3593-9E5E-4939-923B-1075D23B88E7}.Debug|x64.ActiveCfg = Debug|Any CPU
		{0DCD3593-9E5E-4939-923B-1075D23B88E7}.Debug|x64.Build.0 = Debug|Any CPU
		{0DCD3593-9E5E-4939-923B-1075D23B88E7}.Debug|x86.ActiveCfg = Debug|Any CPU
		{0DCD3593-9E5E-4939-923B-1075D23B88E7}.Debug|x86.Build.0 = Debug|Any CPU
		{0DCD3593-9E5E-4939-923B-1075D23B88E7}.Release|Any CPU.ActiveCfg = Release|Any CPU
		{0DCD3593-9E5E-4939-923B-1075D23B88E7}.Release|Any CPU.Build.0 = Release|Any CPU
		{0DCD3593-9E5E-4939-923B-1075D23B88E7}.Release|x64.ActiveCfg = Release|Any CPU
		{0DCD3593-9E5E-4939-923B-1075D23B88E7}.Release|x64.Build.0 = Release|Any CPU
		{0DCD3593-9E5E-4939-923B-1075D23B88E7}.Release|x86.ActiveCfg = Release|Any CPU
		{0DCD3593-9E5E-4939-923B-1075D23B88E7}.Release|x86.Build.0 = Release|Any CPU
		{BD1B70BF-C90C-4698-9AF9-BD4D8F565443}.Debug|Any CPU.ActiveCfg = Debug|Any CPU
		{BD1B70BF-C90C-4698-9AF9-BD4D8F565443}.Debug|Any CPU.Build.0 = Debug|Any CPU
		{BD1B70BF-C90C-4698-9AF9-BD4D8F565443}.Debug|x64.ActiveCfg = Debug|Any CPU
		{BD1B70BF-C90C-4698-9AF9-BD4D8F565443}.Debug|x64.Build.0 = Debug|Any CPU
		{BD1B70BF-C90C-4698-9AF9-BD4D8F565443}.Debug|x86.ActiveCfg = Debug|Any CPU
		{BD1B70BF-C90C-4698-9AF9-BD4D8F565443}.Debug|x86.Build.0 = Debug|Any CPU
		{BD1B70BF-C90C-4698-9AF9-BD4D8F565443}.Release|Any CPU.ActiveCfg = Release|Any CPU
		{BD1B70BF-C90C-4698-9AF9-BD4D8F565443}.Release|Any CPU.Build.0 = Release|Any CPU
		{BD1B70BF-C90C-4698-9AF9-BD4D8F565443}.Release|x64.ActiveCfg = Release|Any CPU
		{BD1B70BF-C90C-4698-9AF9-BD4D8F565443}.Release|x64.Build.0 = Release|Any CPU
		{BD1B70BF-C90C-4698-9AF9-BD4D8F565443}.Release|x86.ActiveCfg = Release|Any CPU
		{BD1B70BF-C90C-4698-9AF9-BD4D8F565443}.Release|x86.Build.0 = Release|Any CPU
		{79BBEA4F-B631-41C3-AC71-A0FC39E55509}.Debug|Any CPU.ActiveCfg = Debug|Any CPU
		{79BBEA4F-B631-41C3-AC71-A0FC39E55509}.Debug|Any CPU.Build.0 = Debug|Any CPU
		{79BBEA4F-B631-41C3-AC71-A0FC39E55509}.Debug|x64.ActiveCfg = Debug|Any CPU
		{79BBEA4F-B631-41C3-AC71-A0FC39E55509}.Debug|x64.Build.0 = Debug|Any CPU
		{79BBEA4F-B631-41C3-AC71-A0FC39E55509}.Debug|x86.ActiveCfg = Debug|Any CPU
		{79BBEA4F-B631-41C3-AC71-A0FC39E55509}.Debug|x86.Build.0 = Debug|Any CPU
		{79BBEA4F-B631-41C3-AC71-A0FC39E55509}.Release|Any CPU.ActiveCfg = Release|Any CPU
		{79BBEA4F-B631-41C3-AC71-A0FC39E55509}.Release|Any CPU.Build.0 = Release|Any CPU
		{79BBEA4F-B631-41C3-AC71-A0FC39E55509}.Release|x64.ActiveCfg = Release|Any CPU
		{79BBEA4F-B631-41C3-AC71-A0FC39E55509}.Release|x64.Build.0 = Release|Any CPU
		{79BBEA4F-B631-41C3-AC71-A0FC39E55509}.Release|x86.ActiveCfg = Release|Any CPU
		{79BBEA4F-B631-41C3-AC71-A0FC39E55509}.Release|x86.Build.0 = Release|Any CPU
		{2B73A9F6-B285-4CA9-98CC-E412BC4F5F22}.Debug|Any CPU.ActiveCfg = Debug|Any CPU
		{2B73A9F6-B285-4CA9-98CC-E412BC4F5F22}.Debug|Any CPU.Build.0 = Debug|Any CPU
		{2B73A9F6-B285-4CA9-98CC-E412BC4F5F22}.Debug|x64.ActiveCfg = Debug|Any CPU
		{2B73A9F6-B285-4CA9-98CC-E412BC4F5F22}.Debug|x64.Build.0 = Debug|Any CPU
		{2B73A9F6-B285-4CA9-98CC-E412BC4F5F22}.Debug|x86.ActiveCfg = Debug|Any CPU
		{2B73A9F6-B285-4CA9-98CC-E412BC4F5F22}.Debug|x86.Build.0 = Debug|Any CPU
		{2B73A9F6-B285-4CA9-98CC-E412BC4F5F22}.Release|Any CPU.ActiveCfg = Release|Any CPU
		{2B73A9F6-B285-4CA9-98CC-E412BC4F5F22}.Release|Any CPU.Build.0 = Release|Any CPU
		{2B73A9F6-B285-4CA9-98CC-E412BC4F5F22}.Release|x64.ActiveCfg = Release|Any CPU
		{2B73A9F6-B285-4CA9-98CC-E412BC4F5F22}.Release|x64.Build.0 = Release|Any CPU
		{2B73A9F6-B285-4CA9-98CC-E412BC4F5F22}.Release|x86.ActiveCfg = Release|Any CPU
		{2B73A9F6-B285-4CA9-98CC-E412BC4F5F22}.Release|x86.Build.0 = Release|Any CPU
	EndGlobalSection
	GlobalSection(SolutionProperties) = preSolution
		HideSolutionNode = FALSE
	EndGlobalSection
	GlobalSection(NestedProjects) = preSolution
		{6670B2D9-F94B-BBA5-509A-95F95D0EDD83} = {429A6145-7FCE-B0A0-67D9-FBB6DBB765A6}
		{98EC7D94-5628-4F2A-AEDD-42F0DDEEB9BD} = {6670B2D9-F94B-BBA5-509A-95F95D0EDD83}
		{5AE8B75F-6639-450D-8336-F9EB55C32954} = {6670B2D9-F94B-BBA5-509A-95F95D0EDD83}
		{D8468C8F-620F-43D7-8288-6947A6A8CC9D} = {6670B2D9-F94B-BBA5-509A-95F95D0EDD83}
		{625BA2E5-BD94-4031-A769-6896BA5A7D98} = {6670B2D9-F94B-BBA5-509A-95F95D0EDD83}
		{5875B879-98D6-7140-2787-4E9ED4E91F18} = {D5740E39-79EC-8D71-EBC3-DD458F48E25C}
		{559CECB8-81BD-4BF9-817D-F02402BE4696} = {5875B879-98D6-7140-2787-4E9ED4E91F18}
		{DE6D3456-3FBB-1A7D-3C5C-D3DBCEF4055F} = {4B73CA74-3B26-F703-3A27-78B98F653C5B}
		{9CB2416A-B299-4CCF-84F1-BEB84874BE81} = {DE6D3456-3FBB-1A7D-3C5C-D3DBCEF4055F}
		{99283293-FA0B-46C2-8296-5C9289513878} = {DE6D3456-3FBB-1A7D-3C5C-D3DBCEF4055F}
		{A4934A9C-0D0E-4F43-BCF2-D005689E7570} = {DE6D3456-3FBB-1A7D-3C5C-D3DBCEF4055F}
		{63294823-BAD9-4C32-9230-432458176C02} = {DE6D3456-3FBB-1A7D-3C5C-D3DBCEF4055F}
		{9EA912F9-3DC0-8B10-4DF6-A25F0BB567E0} = {812D2F04-E1F9-7549-F420-831F1751F82A}
		{55DEB59D-AC26-45BC-83E0-177F01792FFB} = {9EA912F9-3DC0-8B10-4DF6-A25F0BB567E0}
		{A4EF93F4-6AA8-457D-B8E4-060ED8AACC8B} = {9EA912F9-3DC0-8B10-4DF6-A25F0BB567E0}
		{128B8C61-9B34-4B73-AB7A-1B2B18C8F8EA} = {9EA912F9-3DC0-8B10-4DF6-A25F0BB567E0}
		{C4834604-7722-4DA3-B0C8-09FC171E2319} = {9EA912F9-3DC0-8B10-4DF6-A25F0BB567E0}
		{50B39C3B-122D-CCF3-5CBD-19FC572A5AFB} = {D4CFF5E1-BA47-08FE-F45C-A59D81FF1F65}
		{C0866696-4B52-42E1-9667-C2F86F5A4B04} = {50B39C3B-122D-CCF3-5CBD-19FC572A5AFB}
		{365C7FCA-5A0D-474D-A360-06B6E5351E40} = {50B39C3B-122D-CCF3-5CBD-19FC572A5AFB}
		{3C00D492-011E-4911-A801-B4D291C3BF58} = {50B39C3B-122D-CCF3-5CBD-19FC572A5AFB}
		{FC6DC2F8-500E-4727-803C-A0A07A03B4DD} = {50B39C3B-122D-CCF3-5CBD-19FC572A5AFB}
		{8D812BBA-F7B8-78AE-0C2C-4FE45A3ABA4A} = {8A753028-D84C-6DAA-E0CD-F2775330973A}
		{8E102089-44C3-4788-9A64-11793A1BA574} = {8D812BBA-F7B8-78AE-0C2C-4FE45A3ABA4A}
		{D9FF62B3-CA7F-48C9-8AA5-089FD09199CF} = {8D812BBA-F7B8-78AE-0C2C-4FE45A3ABA4A}
		{29331E70-BF5B-45BB-84FC-5A1F6FA635C8} = {8D812BBA-F7B8-78AE-0C2C-4FE45A3ABA4A}
		{32DEA37B-9375-445D-AC6A-5089D5AF601B} = {8D812BBA-F7B8-78AE-0C2C-4FE45A3ABA4A}
		{8033C296-71AA-972B-E5EB-7DFBE8961BF9} = {24D16E1D-6ED3-3315-684F-0648B0A3A23F}
		{0DCD3593-9E5E-4939-923B-1075D23B88E7} = {8033C296-71AA-972B-E5EB-7DFBE8961BF9}
		{BD1B70BF-C90C-4698-9AF9-BD4D8F565443} = {8033C296-71AA-972B-E5EB-7DFBE8961BF9}
		{79BBEA4F-B631-41C3-AC71-A0FC39E55509} = {8033C296-71AA-972B-E5EB-7DFBE8961BF9}
		{2B73A9F6-B285-4CA9-98CC-E412BC4F5F22} = {8033C296-71AA-972B-E5EB-7DFBE8961BF9}
	EndGlobalSection
EndGlobal
