
Microsoft Visual Studio Solution File, Format Version 12.00
# Visual Studio Version 17
VisualStudioVersion = 17.0.31903.59
MinimumVisualStudioVersion = 10.0.40219.1
Project("{2150E333-8FDC-42A3-9474-1A3956D46DE8}") = "src", "src", "{827E0CD3-B72D-47B6-A68D-7590B98EB39B}"
EndProject
Project("{FAE04EC0-301F-11D3-BF4B-00C04F79EFBC}") = "AccountService.Domain", "src\AccountService.Domain\AccountService.Domain.csproj", "{66948173-C4B6-442A-9609-7BA57483CFB6}"
EndProject
Project("{FAE04EC0-301F-11D3-BF4B-00C04F79EFBC}") = "AccountService.Application", "src\AccountService.Application\AccountService.Application.csproj", "{04C80576-2357-4583-9ACF-8E45424CEDB3}"
EndProject
Project("{FAE04EC0-301F-11D3-BF4B-00C04F79EFBC}") = "AccountService.Infrastructure", "src\AccountService.Infrastructure\AccountService.Infrastructure.csproj", "{9FE4095A-D606-4CA5-849D-534EBE52446C}"
EndProject
Project("{FAE04EC0-301F-11D3-BF4B-00C04F79EFBC}") = "AccountService.API", "src\AccountService.API\AccountService.API.csproj", "{3A8A1E74-2ECC-4169-9362-496A15992866}"
EndProject
Global
	GlobalSection(SolutionConfigurationPlatforms) = preSolution
		Debug|Any CPU = Debug|Any CPU
		Debug|x64 = Debug|x64
		Debug|x86 = Debug|x86
		Release|Any CPU = Release|Any CPU
		Release|x64 = Release|x64
		Release|x86 = Release|x86
	EndGlobalSection
	GlobalSection(ProjectConfigurationPlatforms) = postSolution
		{66948173-C4B6-442A-9609-7BA57483CFB6}.Debug|Any CPU.ActiveCfg = Debug|Any CPU
		{66948173-C4B6-442A-9609-7BA57483CFB6}.Debug|Any CPU.Build.0 = Debug|Any CPU
		{66948173-C4B6-442A-9609-7BA57483CFB6}.Debug|x64.ActiveCfg = Debug|Any CPU
		{66948173-C4B6-442A-9609-7BA57483CFB6}.Debug|x64.Build.0 = Debug|Any CPU
		{66948173-C4B6-442A-9609-7BA57483CFB6}.Debug|x86.ActiveCfg = Debug|Any CPU
		{66948173-C4B6-442A-9609-7BA57483CFB6}.Debug|x86.Build.0 = Debug|Any CPU
		{66948173-C4B6-442A-9609-7BA57483CFB6}.Release|Any CPU.ActiveCfg = Release|Any CPU
		{66948173-C4B6-442A-9609-7BA57483CFB6}.Release|Any CPU.Build.0 = Release|Any CPU
		{66948173-C4B6-442A-9609-7BA57483CFB6}.Release|x64.ActiveCfg = Release|Any CPU
		{66948173-C4B6-442A-9609-7BA57483CFB6}.Release|x64.Build.0 = Release|Any CPU
		{66948173-C4B6-442A-9609-7BA57483CFB6}.Release|x86.ActiveCfg = Release|Any CPU
		{66948173-C4B6-442A-9609-7BA57483CFB6}.Release|x86.Build.0 = Release|Any CPU
		{04C80576-2357-4583-9ACF-8E45424CEDB3}.Debug|Any CPU.ActiveCfg = Debug|Any CPU
		{04C80576-2357-4583-9ACF-8E45424CEDB3}.Debug|Any CPU.Build.0 = Debug|Any CPU
		{04C80576-2357-4583-9ACF-8E45424CEDB3}.Debug|x64.ActiveCfg = Debug|Any CPU
		{04C80576-2357-4583-9ACF-8E45424CEDB3}.Debug|x64.Build.0 = Debug|Any CPU
		{04C80576-2357-4583-9ACF-8E45424CEDB3}.Debug|x86.ActiveCfg = Debug|Any CPU
		{04C80576-2357-4583-9ACF-8E45424CEDB3}.Debug|x86.Build.0 = Debug|Any CPU
		{04C80576-2357-4583-9ACF-8E45424CEDB3}.Release|Any CPU.ActiveCfg = Release|Any CPU
		{04C80576-2357-4583-9ACF-8E45424CEDB3}.Release|Any CPU.Build.0 = Release|Any CPU
		{04C80576-2357-4583-9ACF-8E45424CEDB3}.Release|x64.ActiveCfg = Release|Any CPU
		{04C80576-2357-4583-9ACF-8E45424CEDB3}.Release|x64.Build.0 = Release|Any CPU
		{04C80576-2357-4583-9ACF-8E45424CEDB3}.Release|x86.ActiveCfg = Release|Any CPU
		{04C80576-2357-4583-9ACF-8E45424CEDB3}.Release|x86.Build.0 = Release|Any CPU
		{9FE4095A-D606-4CA5-849D-534EBE52446C}.Debug|Any CPU.ActiveCfg = Debug|Any CPU
		{9FE4095A-D606-4CA5-849D-534EBE52446C}.Debug|Any CPU.Build.0 = Debug|Any CPU
		{9FE4095A-D606-4CA5-849D-534EBE52446C}.Debug|x64.ActiveCfg = Debug|Any CPU
		{9FE4095A-D606-4CA5-849D-534EBE52446C}.Debug|x64.Build.0 = Debug|Any CPU
		{9FE4095A-D606-4CA5-849D-534EBE52446C}.Debug|x86.ActiveCfg = Debug|Any CPU
		{9FE4095A-D606-4CA5-849D-534EBE52446C}.Debug|x86.Build.0 = Debug|Any CPU
		{9FE4095A-D606-4CA5-849D-534EBE52446C}.Release|Any CPU.ActiveCfg = Release|Any CPU
		{9FE4095A-D606-4CA5-849D-534EBE52446C}.Release|Any CPU.Build.0 = Release|Any CPU
		{9FE4095A-D606-4CA5-849D-534EBE52446C}.Release|x64.ActiveCfg = Release|Any CPU
		{9FE4095A-D606-4CA5-849D-534EBE52446C}.Release|x64.Build.0 = Release|Any CPU
		{9FE4095A-D606-4CA5-849D-534EBE52446C}.Release|x86.ActiveCfg = Release|Any CPU
		{9FE4095A-D606-4CA5-849D-534EBE52446C}.Release|x86.Build.0 = Release|Any CPU
		{3A8A1E74-2ECC-4169-9362-496A15992866}.Debug|Any CPU.ActiveCfg = Debug|Any CPU
		{3A8A1E74-2ECC-4169-9362-496A15992866}.Debug|Any CPU.Build.0 = Debug|Any CPU
		{3A8A1E74-2ECC-4169-9362-496A15992866}.Debug|x64.ActiveCfg = Debug|Any CPU
		{3A8A1E74-2ECC-4169-9362-496A15992866}.Debug|x64.Build.0 = Debug|Any CPU
		{3A8A1E74-2ECC-4169-9362-496A15992866}.Debug|x86.ActiveCfg = Debug|Any CPU
		{3A8A1E74-2ECC-4169-9362-496A15992866}.Debug|x86.Build.0 = Debug|Any CPU
		{3A8A1E74-2ECC-4169-9362-496A15992866}.Release|Any CPU.ActiveCfg = Release|Any CPU
		{3A8A1E74-2ECC-4169-9362-496A15992866}.Release|Any CPU.Build.0 = Release|Any CPU
		{3A8A1E74-2ECC-4169-9362-496A15992866}.Release|x64.ActiveCfg = Release|Any CPU
		{3A8A1E74-2ECC-4169-9362-496A15992866}.Release|x64.Build.0 = Release|Any CPU
		{3A8A1E74-2ECC-4169-9362-496A15992866}.Release|x86.ActiveCfg = Release|Any CPU
		{3A8A1E74-2ECC-4169-9362-496A15992866}.Release|x86.Build.0 = Release|Any CPU
	EndGlobalSection
	GlobalSection(SolutionProperties) = preSolution
		HideSolutionNode = FALSE
	EndGlobalSection
	GlobalSection(NestedProjects) = preSolution
		{66948173-C4B6-442A-9609-7BA57483CFB6} = {827E0CD3-B72D-47B6-A68D-7590B98EB39B}
		{04C80576-2357-4583-9ACF-8E45424CEDB3} = {827E0CD3-B72D-47B6-A68D-7590B98EB39B}
		{9FE4095A-D606-4CA5-849D-534EBE52446C} = {827E0CD3-B72D-47B6-A68D-7590B98EB39B}
		{3A8A1E74-2ECC-4169-9362-496A15992866} = {827E0CD3-B72D-47B6-A68D-7590B98EB39B}
	EndGlobalSection
EndGlobal
